{
  "name": "UCB-Bootcamp-project03-group10",
  "lockfileVersion": 3,
  "requires": true,
  "packages": {
    "": {
      "dependencies": {
        "apexcharts": "^3.41.0",
        "plotly.js": "^2.24.2",
        "plotly.js-dist-min": "^2.24.2"
      }
    },
    "node_modules/@choojs/findup": {
      "version": "0.2.1",
      "license": "MIT",
      "dependencies": {
        "commander": "^2.15.1"
      },
      "bin": {
        "findup": "bin/findup.js"
      }
    },
    "node_modules/@mapbox/geojson-rewind": {
      "version": "0.5.2",
      "license": "ISC",
      "dependencies": {
        "get-stream": "^6.0.1",
        "minimist": "^1.2.6"
      },
      "bin": {
        "geojson-rewind": "geojson-rewind"
      }
    },
    "node_modules/@mapbox/geojson-types": {
      "version": "1.0.2",
      "license": "ISC"
    },
    "node_modules/@mapbox/jsonlint-lines-primitives": {
      "version": "2.0.2",
      "engines": {
        "node": ">= 0.6"
      }
    },
    "node_modules/@mapbox/mapbox-gl-supported": {
      "version": "1.5.0",
      "license": "BSD-3-Clause",
      "peerDependencies": {
        "mapbox-gl": ">=0.32.1 <2.0.0"
      }
    },
    "node_modules/@mapbox/point-geometry": {
      "version": "0.1.0",
      "license": "ISC"
    },
    "node_modules/@mapbox/tiny-sdf": {
      "version": "1.2.5",
      "license": "BSD-2-Clause"
    },
    "node_modules/@mapbox/unitbezier": {
      "version": "0.0.0",
      "license": "BSD-2-Clause"
    },
    "node_modules/@mapbox/vector-tile": {
      "version": "1.3.1",
      "license": "BSD-3-Clause",
      "dependencies": {
        "@mapbox/point-geometry": "~0.1.0"
      }
    },
    "node_modules/@mapbox/whoots-js": {
      "version": "3.1.0",
      "license": "ISC",
      "engines": {
        "node": ">=6.0.0"
      }
    },
    "node_modules/@plotly/d3": {
      "version": "3.8.1",
      "license": "BSD-3-Clause"
    },
    "node_modules/@plotly/d3-sankey": {
      "version": "0.7.2",
      "license": "BSD-3-Clause",
      "dependencies": {
        "d3-array": "1",
        "d3-collection": "1",
        "d3-shape": "^1.2.0"
      }
    },
    "node_modules/@plotly/d3-sankey-circular": {
      "version": "0.33.1",
      "license": "MIT",
      "dependencies": {
        "d3-array": "^1.2.1",
        "d3-collection": "^1.0.4",
        "d3-shape": "^1.2.0",
        "elementary-circuits-directed-graph": "^1.0.4"
      }
    },
    "node_modules/@plotly/point-cluster": {
      "version": "3.1.9",
      "license": "MIT",
      "dependencies": {
        "array-bounds": "^1.0.1",
        "binary-search-bounds": "^2.0.4",
        "clamp": "^1.0.1",
        "defined": "^1.0.0",
        "dtype": "^2.0.0",
        "flatten-vertex-data": "^1.0.2",
        "is-obj": "^1.0.1",
        "math-log2": "^1.0.1",
        "parse-rect": "^1.2.0",
        "pick-by-alias": "^1.2.0"
      }
    },
    "node_modules/@turf/area": {
      "version": "6.5.0",
      "license": "MIT",
      "dependencies": {
        "@turf/helpers": "^6.5.0",
        "@turf/meta": "^6.5.0"
      },
      "funding": {
        "url": "https://opencollective.com/turf"
      }
    },
    "node_modules/@turf/bbox": {
      "version": "6.5.0",
      "license": "MIT",
      "dependencies": {
        "@turf/helpers": "^6.5.0",
        "@turf/meta": "^6.5.0"
      },
      "funding": {
        "url": "https://opencollective.com/turf"
      }
    },
    "node_modules/@turf/centroid": {
      "version": "6.5.0",
      "license": "MIT",
      "dependencies": {
        "@turf/helpers": "^6.5.0",
        "@turf/meta": "^6.5.0"
      },
      "funding": {
        "url": "https://opencollective.com/turf"
      }
    },
    "node_modules/@turf/helpers": {
      "version": "6.5.0",
      "license": "MIT",
      "funding": {
        "url": "https://opencollective.com/turf"
      }
    },
    "node_modules/@turf/meta": {
      "version": "6.5.0",
      "license": "MIT",
      "dependencies": {
        "@turf/helpers": "^6.5.0"
      },
      "funding": {
        "url": "https://opencollective.com/turf"
      }
    },
    "node_modules/abs-svg-path": {
      "version": "0.1.1",
      "license": "MIT"
    },
    "node_modules/acorn": {
      "version": "7.4.1",
      "license": "MIT",
      "bin": {
        "acorn": "bin/acorn"
      },
      "engines": {
        "node": ">=0.4.0"
      }
    },
    "node_modules/almost-equal": {
      "version": "1.1.0",
      "license": "MIT"
    },
    "node_modules/apexcharts": {
      "version": "3.41.0",
      "resolved": "https://registry.npmjs.org/apexcharts/-/apexcharts-3.41.0.tgz",
      "integrity": "sha512-FJXA7NVjxs1q+ptR3b1I+pN8K/gWuXn+qLZjFz8EHvJOokdgcuwa/HSe5aC465HW/LWnrjWLSTsOQejQbQ42hQ==",
      "dependencies": {
        "svg.draggable.js": "^2.2.2",
        "svg.easing.js": "^2.0.0",
        "svg.filter.js": "^2.0.2",
        "svg.pathmorphing.js": "^0.1.3",
        "svg.resize.js": "^1.4.3",
        "svg.select.js": "^3.0.1"
      }
    },
    "node_modules/array-bounds": {
      "version": "1.0.1",
      "license": "MIT"
    },
    "node_modules/array-find-index": {
      "version": "1.0.2",
      "license": "MIT",
      "engines": {
        "node": ">=0.10.0"
      }
    },
    "node_modules/array-normalize": {
      "version": "1.1.4",
      "license": "MIT",
      "dependencies": {
        "array-bounds": "^1.0.0"
      }
    },
    "node_modules/array-range": {
      "version": "1.0.1",
      "license": "MIT"
    },
    "node_modules/array-rearrange": {
      "version": "2.2.2",
      "license": "MIT"
    },
    "node_modules/binary-search-bounds": {
      "version": "2.0.5",
      "license": "MIT"
    },
    "node_modules/bit-twiddle": {
      "version": "1.0.2",
      "license": "MIT"
    },
    "node_modules/bitmap-sdf": {
      "version": "1.0.4",
      "license": "MIT"
    },
    "node_modules/bl": {
      "version": "2.2.1",
      "license": "MIT",
      "dependencies": {
        "readable-stream": "^2.3.5",
        "safe-buffer": "^5.1.1"
      }
    },
    "node_modules/buffer-from": {
      "version": "1.1.2",
      "license": "MIT"
    },
    "node_modules/canvas-fit": {
      "version": "1.5.0",
      "license": "MIT",
      "dependencies": {
        "element-size": "^1.1.1"
      }
    },
    "node_modules/clamp": {
      "version": "1.0.1",
      "license": "MIT"
    },
    "node_modules/color-alpha": {
      "version": "1.0.4",
      "license": "MIT",
      "dependencies": {
        "color-parse": "^1.3.8"
      }
    },
    "node_modules/color-id": {
      "version": "1.1.0",
      "license": "MIT",
      "dependencies": {
        "clamp": "^1.0.1"
      }
    },
    "node_modules/color-name": {
      "version": "1.1.4",
      "license": "MIT"
    },
    "node_modules/color-normalize": {
      "version": "1.5.0",
      "license": "MIT",
      "dependencies": {
        "clamp": "^1.0.1",
        "color-rgba": "^2.1.1",
        "dtype": "^2.0.0"
      }
    },
    "node_modules/color-parse": {
      "version": "1.3.8",
      "license": "MIT",
      "dependencies": {
        "color-name": "^1.0.0",
        "defined": "^1.0.0",
        "is-plain-obj": "^1.1.0"
      }
    },
    "node_modules/color-rgba": {
      "version": "2.1.1",
      "license": "MIT",
      "dependencies": {
        "clamp": "^1.0.1",
        "color-parse": "^1.3.8",
        "color-space": "^1.14.6"
      }
    },
    "node_modules/color-space": {
      "version": "1.16.0",
      "license": "MIT",
      "dependencies": {
        "hsluv": "^0.0.3",
        "mumath": "^3.3.4"
      }
    },
    "node_modules/commander": {
      "version": "2.20.3",
      "license": "MIT"
    },
    "node_modules/concat-stream": {
      "version": "1.6.2",
      "engines": [
        "node >= 0.8"
      ],
      "license": "MIT",
      "dependencies": {
        "buffer-from": "^1.0.0",
        "inherits": "^2.0.3",
        "readable-stream": "^2.2.2",
        "typedarray": "^0.0.6"
      }
    },
    "node_modules/core-util-is": {
      "version": "1.0.3",
      "license": "MIT"
    },
    "node_modules/country-regex": {
      "version": "1.1.0",
      "license": "MIT"
    },
    "node_modules/css-font": {
      "version": "1.2.0",
      "license": "MIT",
      "dependencies": {
        "css-font-size-keywords": "^1.0.0",
        "css-font-stretch-keywords": "^1.0.1",
        "css-font-style-keywords": "^1.0.1",
        "css-font-weight-keywords": "^1.0.0",
        "css-global-keywords": "^1.0.1",
        "css-system-font-keywords": "^1.0.0",
        "pick-by-alias": "^1.2.0",
        "string-split-by": "^1.0.0",
        "unquote": "^1.1.0"
      }
    },
    "node_modules/css-font-size-keywords": {
      "version": "1.0.0",
      "license": "MIT"
    },
    "node_modules/css-font-stretch-keywords": {
      "version": "1.0.1",
      "license": "MIT"
    },
    "node_modules/css-font-style-keywords": {
      "version": "1.0.1",
      "license": "MIT"
    },
    "node_modules/css-font-weight-keywords": {
      "version": "1.0.0",
      "license": "MIT"
    },
    "node_modules/css-global-keywords": {
      "version": "1.0.1",
      "license": "MIT"
    },
    "node_modules/css-system-font-keywords": {
      "version": "1.0.0",
      "license": "MIT"
    },
    "node_modules/csscolorparser": {
      "version": "1.0.3",
      "license": "MIT"
    },
    "node_modules/d": {
      "version": "1.0.1",
      "license": "ISC",
      "dependencies": {
        "es5-ext": "^0.10.50",
        "type": "^1.0.1"
      }
    },
    "node_modules/d3-array": {
      "version": "1.2.4",
      "license": "BSD-3-Clause"
    },
    "node_modules/d3-collection": {
      "version": "1.0.7",
      "license": "BSD-3-Clause"
    },
    "node_modules/d3-color": {
      "version": "3.1.0",
      "license": "ISC",
      "engines": {
        "node": ">=12"
      }
    },
    "node_modules/d3-dispatch": {
      "version": "1.0.6",
      "license": "BSD-3-Clause"
    },
    "node_modules/d3-force": {
      "version": "1.2.1",
      "license": "BSD-3-Clause",
      "dependencies": {
        "d3-collection": "1",
        "d3-dispatch": "1",
        "d3-quadtree": "1",
        "d3-timer": "1"
      }
    },
    "node_modules/d3-format": {
      "version": "1.4.5",
      "license": "BSD-3-Clause"
    },
    "node_modules/d3-geo": {
      "version": "1.12.1",
      "license": "BSD-3-Clause",
      "dependencies": {
        "d3-array": "1"
      }
    },
    "node_modules/d3-geo-projection": {
      "version": "2.9.0",
      "license": "BSD-3-Clause",
      "dependencies": {
        "commander": "2",
        "d3-array": "1",
        "d3-geo": "^1.12.0",
        "resolve": "^1.1.10"
      },
      "bin": {
        "geo2svg": "bin/geo2svg",
        "geograticule": "bin/geograticule",
        "geoproject": "bin/geoproject",
        "geoquantize": "bin/geoquantize",
        "geostitch": "bin/geostitch"
      }
    },
    "node_modules/d3-hierarchy": {
      "version": "1.1.9",
      "license": "BSD-3-Clause"
    },
    "node_modules/d3-interpolate": {
      "version": "3.0.1",
      "license": "ISC",
      "dependencies": {
        "d3-color": "1 - 3"
      },
      "engines": {
        "node": ">=12"
      }
    },
    "node_modules/d3-path": {
      "version": "1.0.9",
      "license": "BSD-3-Clause"
    },
    "node_modules/d3-quadtree": {
      "version": "1.0.7",
      "license": "BSD-3-Clause"
    },
    "node_modules/d3-shape": {
      "version": "1.3.7",
      "license": "BSD-3-Clause",
      "dependencies": {
        "d3-path": "1"
      }
    },
    "node_modules/d3-time": {
      "version": "1.1.0",
      "license": "BSD-3-Clause"
    },
    "node_modules/d3-time-format": {
      "version": "2.3.0",
      "license": "BSD-3-Clause",
      "dependencies": {
        "d3-time": "1"
      }
    },
    "node_modules/d3-timer": {
      "version": "1.0.10",
      "license": "BSD-3-Clause"
    },
    "node_modules/debug": {
      "version": "3.2.7",
      "license": "MIT",
      "dependencies": {
        "ms": "^2.1.1"
      }
    },
    "node_modules/deep-is": {
      "version": "0.1.4",
      "license": "MIT"
    },
    "node_modules/defined": {
      "version": "1.0.1",
      "license": "MIT",
      "funding": {
        "url": "https://github.com/sponsors/ljharb"
      }
    },
    "node_modules/detect-kerning": {
      "version": "2.1.2",
      "license": "MIT"
    },
    "node_modules/draw-svg-path": {
      "version": "1.0.0",
      "license": "MIT",
      "dependencies": {
        "abs-svg-path": "~0.1.1",
        "normalize-svg-path": "~0.1.0"
      }
    },
    "node_modules/dtype": {
      "version": "2.0.0",
      "license": "MIT",
      "engines": {
        "node": ">= 0.8.0"
      }
    },
    "node_modules/dup": {
      "version": "1.0.0",
      "license": "MIT"
    },
    "node_modules/duplexify": {
      "version": "3.7.1",
      "license": "MIT",
      "dependencies": {
        "end-of-stream": "^1.0.0",
        "inherits": "^2.0.1",
        "readable-stream": "^2.0.0",
        "stream-shift": "^1.0.0"
      }
    },
    "node_modules/earcut": {
      "version": "2.2.4",
      "license": "ISC"
    },
    "node_modules/element-size": {
      "version": "1.1.1",
      "license": "MIT"
    },
    "node_modules/elementary-circuits-directed-graph": {
      "version": "1.3.1",
      "license": "MIT",
      "dependencies": {
        "strongly-connected-components": "^1.0.1"
      }
    },
    "node_modules/end-of-stream": {
      "version": "1.4.4",
      "license": "MIT",
      "dependencies": {
        "once": "^1.4.0"
      }
    },
    "node_modules/es5-ext": {
      "version": "0.10.62",
      "hasInstallScript": true,
      "license": "ISC",
      "dependencies": {
        "es6-iterator": "^2.0.3",
        "es6-symbol": "^3.1.3",
        "next-tick": "^1.1.0"
      },
      "engines": {
        "node": ">=0.10"
      }
    },
    "node_modules/es6-iterator": {
      "version": "2.0.3",
      "license": "MIT",
      "dependencies": {
        "d": "1",
        "es5-ext": "^0.10.35",
        "es6-symbol": "^3.1.1"
      }
    },
    "node_modules/es6-symbol": {
      "version": "3.1.3",
      "license": "ISC",
      "dependencies": {
        "d": "^1.0.1",
        "ext": "^1.1.2"
      }
    },
    "node_modules/es6-weak-map": {
      "version": "2.0.3",
      "license": "ISC",
      "dependencies": {
        "d": "1",
        "es5-ext": "^0.10.46",
        "es6-iterator": "^2.0.3",
        "es6-symbol": "^3.1.1"
      }
    },
    "node_modules/escodegen": {
      "version": "1.14.3",
      "license": "BSD-2-Clause",
      "dependencies": {
        "esprima": "^4.0.1",
        "estraverse": "^4.2.0",
        "esutils": "^2.0.2",
        "optionator": "^0.8.1"
      },
      "bin": {
        "escodegen": "bin/escodegen.js",
        "esgenerate": "bin/esgenerate.js"
      },
      "engines": {
        "node": ">=4.0"
      },
      "optionalDependencies": {
        "source-map": "~0.6.1"
      }
    },
    "node_modules/esprima": {
      "version": "4.0.1",
      "license": "BSD-2-Clause",
      "bin": {
        "esparse": "bin/esparse.js",
        "esvalidate": "bin/esvalidate.js"
      },
      "engines": {
        "node": ">=4"
      }
    },
    "node_modules/estraverse": {
      "version": "4.3.0",
      "license": "BSD-2-Clause",
      "engines": {
        "node": ">=4.0"
      }
    },
    "node_modules/esutils": {
      "version": "2.0.3",
      "license": "BSD-2-Clause",
      "engines": {
        "node": ">=0.10.0"
      }
    },
    "node_modules/events": {
      "version": "3.3.0",
      "license": "MIT",
      "engines": {
        "node": ">=0.8.x"
      }
    },
    "node_modules/ext": {
      "version": "1.7.0",
      "license": "ISC",
      "dependencies": {
        "type": "^2.7.2"
      }
    },
    "node_modules/ext/node_modules/type": {
      "version": "2.7.2",
      "license": "ISC"
    },
    "node_modules/falafel": {
      "version": "2.2.5",
      "license": "MIT",
      "dependencies": {
        "acorn": "^7.1.1",
        "isarray": "^2.0.1"
      },
      "engines": {
        "node": ">=0.4.0"
      }
    },
    "node_modules/fast-isnumeric": {
      "version": "1.1.4",
      "license": "MIT",
      "dependencies": {
        "is-string-blank": "^1.0.1"
      }
    },
    "node_modules/fast-levenshtein": {
      "version": "2.0.6",
      "license": "MIT"
    },
    "node_modules/flatten-vertex-data": {
      "version": "1.0.2",
      "license": "MIT",
      "dependencies": {
        "dtype": "^2.0.0"
      }
    },
    "node_modules/font-atlas": {
      "version": "2.1.0",
      "license": "MIT",
      "dependencies": {
        "css-font": "^1.0.0"
      }
    },
    "node_modules/font-measure": {
      "version": "1.2.2",
      "license": "MIT",
      "dependencies": {
        "css-font": "^1.2.0"
      }
    },
    "node_modules/from2": {
      "version": "2.3.0",
      "license": "MIT",
      "dependencies": {
        "inherits": "^2.0.1",
        "readable-stream": "^2.0.0"
      }
    },
    "node_modules/function-bind": {
      "version": "1.1.1",
      "license": "MIT"
    },
    "node_modules/geojson-vt": {
      "version": "3.2.1",
      "license": "ISC"
    },
    "node_modules/get-canvas-context": {
      "version": "1.0.2",
      "license": "MIT"
    },
    "node_modules/get-stream": {
      "version": "6.0.1",
      "license": "MIT",
      "engines": {
        "node": ">=10"
      },
      "funding": {
        "url": "https://github.com/sponsors/sindresorhus"
      }
    },
    "node_modules/gl-mat4": {
      "version": "1.2.0",
      "license": "Zlib"
    },
    "node_modules/gl-matrix": {
      "version": "3.4.3",
      "license": "MIT"
    },
    "node_modules/gl-text": {
      "version": "1.3.1",
      "license": "MIT",
      "dependencies": {
        "bit-twiddle": "^1.0.2",
        "color-normalize": "^1.5.0",
        "css-font": "^1.2.0",
        "detect-kerning": "^2.1.2",
        "es6-weak-map": "^2.0.3",
        "flatten-vertex-data": "^1.0.2",
        "font-atlas": "^2.1.0",
        "font-measure": "^1.2.2",
        "gl-util": "^3.1.2",
        "is-plain-obj": "^1.1.0",
        "object-assign": "^4.1.1",
        "parse-rect": "^1.2.0",
        "parse-unit": "^1.0.1",
        "pick-by-alias": "^1.2.0",
        "regl": "^2.0.0",
        "to-px": "^1.0.1",
        "typedarray-pool": "^1.1.0"
      }
    },
    "node_modules/gl-util": {
      "version": "3.1.3",
      "license": "MIT",
      "dependencies": {
        "is-browser": "^2.0.1",
        "is-firefox": "^1.0.3",
        "is-plain-obj": "^1.1.0",
        "number-is-integer": "^1.0.1",
        "object-assign": "^4.1.0",
        "pick-by-alias": "^1.2.0",
        "weak-map": "^1.0.5"
      }
    },
    "node_modules/glsl-inject-defines": {
      "version": "1.0.3",
      "license": "MIT",
      "dependencies": {
        "glsl-token-inject-block": "^1.0.0",
        "glsl-token-string": "^1.0.1",
        "glsl-tokenizer": "^2.0.2"
      }
    },
    "node_modules/glsl-resolve": {
      "version": "0.0.1",
      "license": "MIT",
      "dependencies": {
        "resolve": "^0.6.1",
        "xtend": "^2.1.2"
      }
    },
    "node_modules/glsl-resolve/node_modules/resolve": {
      "version": "0.6.3",
      "license": "MIT"
    },
    "node_modules/glsl-resolve/node_modules/xtend": {
      "version": "2.2.0",
      "engines": {
        "node": ">=0.4"
      }
    },
    "node_modules/glsl-token-assignments": {
      "version": "2.0.2",
      "license": "MIT"
    },
    "node_modules/glsl-token-defines": {
      "version": "1.0.0",
      "license": "MIT",
      "dependencies": {
        "glsl-tokenizer": "^2.0.0"
      }
    },
    "node_modules/glsl-token-depth": {
      "version": "1.1.2",
      "license": "MIT"
    },
    "node_modules/glsl-token-descope": {
      "version": "1.0.2",
      "license": "MIT",
      "dependencies": {
        "glsl-token-assignments": "^2.0.0",
        "glsl-token-depth": "^1.1.0",
        "glsl-token-properties": "^1.0.0",
        "glsl-token-scope": "^1.1.0"
      }
    },
    "node_modules/glsl-token-inject-block": {
      "version": "1.1.0",
      "license": "MIT"
    },
    "node_modules/glsl-token-properties": {
      "version": "1.0.1",
      "license": "MIT"
    },
    "node_modules/glsl-token-scope": {
      "version": "1.1.2",
      "license": "MIT"
    },
    "node_modules/glsl-token-string": {
      "version": "1.0.1",
      "license": "MIT"
    },
    "node_modules/glsl-token-whitespace-trim": {
      "version": "1.0.0",
      "license": "MIT"
    },
    "node_modules/glsl-tokenizer": {
      "version": "2.1.5",
      "license": "MIT",
      "dependencies": {
        "through2": "^0.6.3"
      }
    },
    "node_modules/glsl-tokenizer/node_modules/isarray": {
      "version": "0.0.1",
      "license": "MIT"
    },
    "node_modules/glsl-tokenizer/node_modules/readable-stream": {
      "version": "1.0.34",
      "license": "MIT",
      "dependencies": {
        "core-util-is": "~1.0.0",
        "inherits": "~2.0.1",
        "isarray": "0.0.1",
        "string_decoder": "~0.10.x"
      }
    },
    "node_modules/glsl-tokenizer/node_modules/string_decoder": {
      "version": "0.10.31",
      "license": "MIT"
    },
    "node_modules/glsl-tokenizer/node_modules/through2": {
      "version": "0.6.5",
      "license": "MIT",
      "dependencies": {
        "readable-stream": ">=1.0.33-1 <1.1.0-0",
        "xtend": ">=4.0.0 <4.1.0-0"
      }
    },
    "node_modules/glslify": {
      "version": "7.1.1",
      "license": "MIT",
      "dependencies": {
        "bl": "^2.2.1",
        "concat-stream": "^1.5.2",
        "duplexify": "^3.4.5",
        "falafel": "^2.1.0",
        "from2": "^2.3.0",
        "glsl-resolve": "0.0.1",
        "glsl-token-whitespace-trim": "^1.0.0",
        "glslify-bundle": "^5.0.0",
        "glslify-deps": "^1.2.5",
        "minimist": "^1.2.5",
        "resolve": "^1.1.5",
        "stack-trace": "0.0.9",
        "static-eval": "^2.0.5",
        "through2": "^2.0.1",
        "xtend": "^4.0.0"
      },
      "bin": {
        "glslify": "bin.js"
      }
    },
    "node_modules/glslify-bundle": {
      "version": "5.1.1",
      "license": "MIT",
      "dependencies": {
        "glsl-inject-defines": "^1.0.1",
        "glsl-token-defines": "^1.0.0",
        "glsl-token-depth": "^1.1.1",
        "glsl-token-descope": "^1.0.2",
        "glsl-token-scope": "^1.1.1",
        "glsl-token-string": "^1.0.1",
        "glsl-token-whitespace-trim": "^1.0.0",
        "glsl-tokenizer": "^2.0.2",
        "murmurhash-js": "^1.0.0",
        "shallow-copy": "0.0.1"
      }
    },
    "node_modules/glslify-deps": {
      "version": "1.3.2",
      "license": "ISC",
      "dependencies": {
        "@choojs/findup": "^0.2.0",
        "events": "^3.2.0",
        "glsl-resolve": "0.0.1",
        "glsl-tokenizer": "^2.0.0",
        "graceful-fs": "^4.1.2",
        "inherits": "^2.0.1",
        "map-limit": "0.0.1",
        "resolve": "^1.0.0"
      }
    },
    "node_modules/graceful-fs": {
      "version": "4.2.11",
      "license": "ISC"
    },
    "node_modules/grid-index": {
      "version": "1.1.0",
      "license": "ISC"
    },
    "node_modules/has": {
      "version": "1.0.3",
      "license": "MIT",
      "dependencies": {
        "function-bind": "^1.1.1"
      },
      "engines": {
        "node": ">= 0.4.0"
      }
    },
    "node_modules/has-hover": {
      "version": "1.0.1",
      "license": "MIT",
      "dependencies": {
        "is-browser": "^2.0.1"
      }
    },
    "node_modules/has-passive-events": {
      "version": "1.0.0",
      "license": "MIT",
      "dependencies": {
        "is-browser": "^2.0.1"
      }
    },
    "node_modules/hsluv": {
      "version": "0.0.3",
      "license": "MIT"
    },
    "node_modules/iconv-lite": {
      "version": "0.4.24",
      "license": "MIT",
      "dependencies": {
        "safer-buffer": ">= 2.1.2 < 3"
      },
      "engines": {
        "node": ">=0.10.0"
      }
    },
    "node_modules/ieee754": {
      "version": "1.2.1",
      "funding": [
        {
          "type": "github",
          "url": "https://github.com/sponsors/feross"
        },
        {
          "type": "patreon",
          "url": "https://www.patreon.com/feross"
        },
        {
          "type": "consulting",
          "url": "https://feross.org/support"
        }
      ],
      "license": "BSD-3-Clause"
    },
    "node_modules/inherits": {
      "version": "2.0.4",
      "license": "ISC"
    },
    "node_modules/is-browser": {
      "version": "2.1.0",
      "license": "MIT"
    },
    "node_modules/is-core-module": {
      "version": "2.12.1",
      "license": "MIT",
      "dependencies": {
        "has": "^1.0.3"
      },
      "funding": {
        "url": "https://github.com/sponsors/ljharb"
      }
    },
    "node_modules/is-finite": {
      "version": "1.1.0",
      "license": "MIT",
      "engines": {
        "node": ">=0.10.0"
      },
      "funding": {
        "url": "https://github.com/sponsors/sindresorhus"
      }
    },
    "node_modules/is-firefox": {
      "version": "1.0.3",
      "license": "MIT",
      "engines": {
        "node": ">=0.10.0"
      }
    },
    "node_modules/is-iexplorer": {
      "version": "1.0.0",
      "license": "MIT",
      "engines": {
        "node": ">=0.10.0"
      }
    },
    "node_modules/is-mobile": {
      "version": "4.0.0",
      "license": "MIT"
    },
    "node_modules/is-obj": {
      "version": "1.0.1",
      "license": "MIT",
      "engines": {
        "node": ">=0.10.0"
      }
    },
    "node_modules/is-plain-obj": {
      "version": "1.1.0",
      "license": "MIT",
      "engines": {
        "node": ">=0.10.0"
      }
    },
    "node_modules/is-string-blank": {
      "version": "1.0.1",
      "license": "MIT"
    },
    "node_modules/is-svg-path": {
      "version": "1.0.2",
      "license": "MIT"
    },
    "node_modules/isarray": {
      "version": "2.0.5",
      "license": "MIT"
    },
    "node_modules/kdbush": {
      "version": "3.0.0",
      "license": "ISC"
    },
    "node_modules/levn": {
      "version": "0.3.0",
      "license": "MIT",
      "dependencies": {
        "prelude-ls": "~1.1.2",
        "type-check": "~0.3.2"
      },
      "engines": {
        "node": ">= 0.8.0"
      }
    },
    "node_modules/lodash.merge": {
      "version": "4.6.2",
      "license": "MIT"
    },
    "node_modules/map-limit": {
      "version": "0.0.1",
      "license": "MIT",
      "dependencies": {
        "once": "~1.3.0"
      }
    },
    "node_modules/map-limit/node_modules/once": {
      "version": "1.3.3",
      "license": "ISC",
      "dependencies": {
        "wrappy": "1"
      }
    },
    "node_modules/mapbox-gl": {
      "version": "1.10.1",
      "license": "SEE LICENSE IN LICENSE.txt",
      "dependencies": {
        "@mapbox/geojson-rewind": "^0.5.0",
        "@mapbox/geojson-types": "^1.0.2",
        "@mapbox/jsonlint-lines-primitives": "^2.0.2",
        "@mapbox/mapbox-gl-supported": "^1.5.0",
        "@mapbox/point-geometry": "^0.1.0",
        "@mapbox/tiny-sdf": "^1.1.1",
        "@mapbox/unitbezier": "^0.0.0",
        "@mapbox/vector-tile": "^1.3.1",
        "@mapbox/whoots-js": "^3.1.0",
        "csscolorparser": "~1.0.3",
        "earcut": "^2.2.2",
        "geojson-vt": "^3.2.1",
        "gl-matrix": "^3.2.1",
        "grid-index": "^1.1.0",
        "minimist": "^1.2.5",
        "murmurhash-js": "^1.0.0",
        "pbf": "^3.2.1",
        "potpack": "^1.0.1",
        "quickselect": "^2.0.0",
        "rw": "^1.3.3",
        "supercluster": "^7.0.0",
        "tinyqueue": "^2.0.3",
        "vt-pbf": "^3.1.1"
      },
      "engines": {
        "node": ">=6.4.0"
      }
    },
    "node_modules/math-log2": {
      "version": "1.0.1",
      "license": "MIT",
      "engines": {
        "node": ">=0.10.0"
      }
    },
    "node_modules/minimist": {
      "version": "1.2.8",
      "license": "MIT",
      "funding": {
        "url": "https://github.com/sponsors/ljharb"
      }
    },
    "node_modules/mouse-change": {
      "version": "1.4.0",
      "license": "MIT",
      "dependencies": {
        "mouse-event": "^1.0.0"
      }
    },
    "node_modules/mouse-event": {
      "version": "1.0.5",
      "license": "MIT"
    },
    "node_modules/mouse-event-offset": {
      "version": "3.0.2",
      "license": "MIT"
    },
    "node_modules/mouse-wheel": {
      "version": "1.2.0",
      "license": "MIT",
      "dependencies": {
        "right-now": "^1.0.0",
        "signum": "^1.0.0",
        "to-px": "^1.0.1"
      }
    },
    "node_modules/ms": {
      "version": "2.1.3",
      "license": "MIT"
    },
    "node_modules/mumath": {
      "version": "3.3.4",
      "license": "Unlicense",
      "dependencies": {
        "almost-equal": "^1.1.0"
      }
    },
    "node_modules/murmurhash-js": {
      "version": "1.0.0",
      "license": "MIT"
    },
    "node_modules/native-promise-only": {
      "version": "0.8.1",
      "license": "MIT"
    },
    "node_modules/needle": {
      "version": "2.9.1",
      "license": "MIT",
      "dependencies": {
        "debug": "^3.2.6",
        "iconv-lite": "^0.4.4",
        "sax": "^1.2.4"
      },
      "bin": {
        "needle": "bin/needle"
      },
      "engines": {
        "node": ">= 4.4.x"
      }
    },
    "node_modules/next-tick": {
      "version": "1.1.0",
      "license": "ISC"
    },
    "node_modules/normalize-svg-path": {
      "version": "0.1.0",
      "license": "MIT"
    },
    "node_modules/number-is-integer": {
      "version": "1.0.1",
      "license": "MIT",
      "dependencies": {
        "is-finite": "^1.0.1"
      },
      "engines": {
        "node": ">=0.10.0"
      }
    },
    "node_modules/object-assign": {
      "version": "4.1.1",
      "license": "MIT",
      "engines": {
        "node": ">=0.10.0"
      }
    },
    "node_modules/once": {
      "version": "1.4.0",
      "license": "ISC",
      "dependencies": {
        "wrappy": "1"
      }
    },
    "node_modules/optionator": {
      "version": "0.8.3",
      "license": "MIT",
      "dependencies": {
        "deep-is": "~0.1.3",
        "fast-levenshtein": "~2.0.6",
        "levn": "~0.3.0",
        "prelude-ls": "~1.1.2",
        "type-check": "~0.3.2",
        "word-wrap": "~1.2.3"
      },
      "engines": {
        "node": ">= 0.8.0"
      }
    },
    "node_modules/parenthesis": {
      "version": "3.1.8",
      "license": "MIT"
    },
    "node_modules/parse-rect": {
      "version": "1.2.0",
      "license": "MIT",
      "dependencies": {
        "pick-by-alias": "^1.2.0"
      }
    },
    "node_modules/parse-svg-path": {
      "version": "0.1.2",
      "license": "MIT"
    },
    "node_modules/parse-unit": {
      "version": "1.0.1",
      "license": "MIT"
    },
    "node_modules/path-parse": {
      "version": "1.0.7",
      "license": "MIT"
    },
    "node_modules/pbf": {
      "version": "3.2.1",
      "license": "BSD-3-Clause",
      "dependencies": {
        "ieee754": "^1.1.12",
        "resolve-protobuf-schema": "^2.1.0"
      },
      "bin": {
        "pbf": "bin/pbf"
      }
    },
    "node_modules/performance-now": {
      "version": "2.1.0",
      "license": "MIT"
    },
    "node_modules/pick-by-alias": {
      "version": "1.2.0",
      "license": "MIT"
    },
    "node_modules/plotly.js": {
      "version": "2.24.2",
      "license": "MIT",
      "dependencies": {
        "@plotly/d3": "3.8.1",
        "@plotly/d3-sankey": "0.7.2",
        "@plotly/d3-sankey-circular": "0.33.1",
        "@turf/area": "^6.4.0",
        "@turf/bbox": "^6.4.0",
        "@turf/centroid": "^6.0.2",
        "canvas-fit": "^1.5.0",
        "color-alpha": "1.0.4",
        "color-normalize": "1.5.0",
        "color-parse": "1.3.8",
        "color-rgba": "2.1.1",
        "country-regex": "^1.1.0",
        "d3-force": "^1.2.1",
        "d3-format": "^1.4.5",
        "d3-geo": "^1.12.1",
        "d3-geo-projection": "^2.9.0",
        "d3-hierarchy": "^1.1.9",
        "d3-interpolate": "^3.0.1",
        "d3-time": "^1.1.0",
        "d3-time-format": "^2.2.3",
        "fast-isnumeric": "^1.1.4",
        "gl-mat4": "^1.2.0",
        "gl-text": "^1.3.1",
        "glslify": "^7.1.1",
        "has-hover": "^1.0.1",
        "has-passive-events": "^1.0.0",
        "is-mobile": "^4.0.0",
        "mapbox-gl": "1.10.1",
        "mouse-change": "^1.4.0",
        "mouse-event-offset": "^3.0.2",
        "mouse-wheel": "^1.2.0",
        "native-promise-only": "^0.8.1",
        "parse-svg-path": "^0.1.2",
        "point-in-polygon": "^1.1.0",
        "polybooljs": "^1.2.0",
        "probe-image-size": "^7.2.3",
        "regl": "npm:@plotly/regl@^2.1.2",
        "regl-error2d": "^2.0.12",
        "regl-line2d": "^3.1.2",
        "regl-scatter2d": "^3.2.9",
        "regl-splom": "^1.0.14",
        "strongly-connected-components": "^1.0.1",
        "superscript-text": "^1.0.0",
        "svg-path-sdf": "^1.1.3",
        "tinycolor2": "^1.4.2",
        "to-px": "1.0.1",
        "topojson-client": "^3.1.0",
        "webgl-context": "^2.2.0",
        "world-calendars": "^1.0.3"
      }
    },
    "node_modules/plotly.js-dist-min": {
      "version": "2.24.2",
      "license": "MIT"
    },
    "node_modules/point-in-polygon": {
      "version": "1.1.0",
      "license": "MIT"
    },
    "node_modules/polybooljs": {
      "version": "1.2.0",
      "license": "MIT"
    },
    "node_modules/potpack": {
      "version": "1.0.2",
      "license": "ISC"
    },
    "node_modules/prelude-ls": {
      "version": "1.1.2",
      "engines": {
        "node": ">= 0.8.0"
      }
    },
    "node_modules/probe-image-size": {
      "version": "7.2.3",
      "license": "MIT",
      "dependencies": {
        "lodash.merge": "^4.6.2",
        "needle": "^2.5.2",
        "stream-parser": "~0.3.1"
      }
    },
    "node_modules/process-nextick-args": {
      "version": "2.0.1",
      "license": "MIT"
    },
    "node_modules/protocol-buffers-schema": {
      "version": "3.6.0",
      "license": "MIT"
    },
    "node_modules/quickselect": {
      "version": "2.0.0",
      "license": "ISC"
    },
    "node_modules/raf": {
      "version": "3.4.1",
      "license": "MIT",
      "dependencies": {
        "performance-now": "^2.1.0"
      }
    },
    "node_modules/readable-stream": {
      "version": "2.3.8",
      "license": "MIT",
      "dependencies": {
        "core-util-is": "~1.0.0",
        "inherits": "~2.0.3",
        "isarray": "~1.0.0",
        "process-nextick-args": "~2.0.0",
        "safe-buffer": "~5.1.1",
        "string_decoder": "~1.1.1",
        "util-deprecate": "~1.0.1"
      }
    },
    "node_modules/readable-stream/node_modules/isarray": {
      "version": "1.0.0",
      "license": "MIT"
    },
    "node_modules/readable-stream/node_modules/safe-buffer": {
      "version": "5.1.2",
      "license": "MIT"
    },
    "node_modules/regl": {
      "name": "@plotly/regl",
      "version": "2.1.2",
      "license": "MIT"
    },
    "node_modules/regl-error2d": {
      "version": "2.0.12",
      "license": "MIT",
      "dependencies": {
        "array-bounds": "^1.0.1",
        "color-normalize": "^1.5.0",
        "flatten-vertex-data": "^1.0.2",
        "object-assign": "^4.1.1",
        "pick-by-alias": "^1.2.0",
        "to-float32": "^1.1.0",
        "update-diff": "^1.1.0"
      }
    },
    "node_modules/regl-line2d": {
      "version": "3.1.2",
      "license": "MIT",
      "dependencies": {
        "array-bounds": "^1.0.1",
        "array-find-index": "^1.0.2",
        "array-normalize": "^1.1.4",
        "color-normalize": "^1.5.0",
        "earcut": "^2.1.5",
        "es6-weak-map": "^2.0.3",
        "flatten-vertex-data": "^1.0.2",
        "glslify": "^7.0.0",
        "object-assign": "^4.1.1",
        "parse-rect": "^1.2.0",
        "pick-by-alias": "^1.2.0",
        "to-float32": "^1.1.0"
      }
    },
    "node_modules/regl-scatter2d": {
      "version": "3.2.9",
      "license": "MIT",
      "dependencies": {
        "@plotly/point-cluster": "^3.1.9",
        "array-range": "^1.0.1",
        "array-rearrange": "^2.2.2",
        "clamp": "^1.0.1",
        "color-id": "^1.1.0",
        "color-normalize": "^1.5.0",
        "color-rgba": "^2.1.1",
        "flatten-vertex-data": "^1.0.2",
        "glslify": "^7.0.0",
        "is-iexplorer": "^1.0.0",
        "object-assign": "^4.1.1",
        "parse-rect": "^1.2.0",
        "pick-by-alias": "^1.2.0",
        "to-float32": "^1.1.0",
        "update-diff": "^1.1.0"
      }
    },
    "node_modules/regl-splom": {
      "version": "1.0.14",
      "license": "MIT",
      "dependencies": {
        "array-bounds": "^1.0.1",
        "array-range": "^1.0.1",
        "color-alpha": "^1.0.4",
        "flatten-vertex-data": "^1.0.2",
        "parse-rect": "^1.2.0",
        "pick-by-alias": "^1.2.0",
        "raf": "^3.4.1",
        "regl-scatter2d": "^3.2.3"
      }
    },
    "node_modules/resolve": {
      "version": "1.22.2",
      "license": "MIT",
      "dependencies": {
        "is-core-module": "^2.11.0",
        "path-parse": "^1.0.7",
        "supports-preserve-symlinks-flag": "^1.0.0"
      },
      "bin": {
        "resolve": "bin/resolve"
      },
      "funding": {
        "url": "https://github.com/sponsors/ljharb"
      }
    },
    "node_modules/resolve-protobuf-schema": {
      "version": "2.1.0",
      "license": "MIT",
      "dependencies": {
        "protocol-buffers-schema": "^3.3.1"
      }
    },
    "node_modules/right-now": {
      "version": "1.0.0",
      "license": "MIT"
    },
    "node_modules/rw": {
      "version": "1.3.3",
      "license": "BSD-3-Clause"
    },
    "node_modules/safe-buffer": {
      "version": "5.2.1",
      "funding": [
        {
          "type": "github",
          "url": "https://github.com/sponsors/feross"
        },
        {
          "type": "patreon",
          "url": "https://www.patreon.com/feross"
        },
        {
          "type": "consulting",
          "url": "https://feross.org/support"
        }
      ],
      "license": "MIT"
    },
    "node_modules/safer-buffer": {
      "version": "2.1.2",
      "license": "MIT"
    },
    "node_modules/sax": {
      "version": "1.2.4",
      "license": "ISC"
    },
    "node_modules/shallow-copy": {
      "version": "0.0.1",
      "license": "MIT"
    },
    "node_modules/signum": {
      "version": "1.0.0",
      "license": "MIT"
    },
    "node_modules/source-map": {
      "version": "0.6.1",
      "license": "BSD-3-Clause",
      "optional": true,
      "engines": {
        "node": ">=0.10.0"
      }
    },
    "node_modules/stack-trace": {
      "version": "0.0.9",
      "engines": {
        "node": "*"
      }
    },
    "node_modules/static-eval": {
      "version": "2.1.0",
      "license": "MIT",
      "dependencies": {
        "escodegen": "^1.11.1"
      }
    },
    "node_modules/stream-parser": {
      "version": "0.3.1",
      "license": "MIT",
      "dependencies": {
        "debug": "2"
      }
    },
    "node_modules/stream-parser/node_modules/debug": {
      "version": "2.6.9",
      "license": "MIT",
      "dependencies": {
        "ms": "2.0.0"
      }
    },
    "node_modules/stream-parser/node_modules/ms": {
      "version": "2.0.0",
      "license": "MIT"
    },
    "node_modules/stream-shift": {
      "version": "1.0.1",
      "license": "MIT"
    },
    "node_modules/string_decoder": {
      "version": "1.1.1",
      "license": "MIT",
      "dependencies": {
        "safe-buffer": "~5.1.0"
      }
    },
    "node_modules/string_decoder/node_modules/safe-buffer": {
      "version": "5.1.2",
      "license": "MIT"
    },
    "node_modules/string-split-by": {
      "version": "1.0.0",
      "license": "MIT",
      "dependencies": {
        "parenthesis": "^3.1.5"
      }
    },
    "node_modules/strongly-connected-components": {
      "version": "1.0.1",
      "license": "MIT"
    },
    "node_modules/supercluster": {
      "version": "7.1.5",
      "license": "ISC",
      "dependencies": {
        "kdbush": "^3.0.0"
      }
    },
    "node_modules/superscript-text": {
      "version": "1.0.0",
      "license": "MIT"
    },
    "node_modules/supports-preserve-symlinks-flag": {
      "version": "1.0.0",
      "license": "MIT",
      "engines": {
        "node": ">= 0.4"
      },
      "funding": {
        "url": "https://github.com/sponsors/ljharb"
      }
    },
    "node_modules/svg-arc-to-cubic-bezier": {
      "version": "3.2.0",
      "license": "ISC"
    },
    "node_modules/svg-path-bounds": {
      "version": "1.0.2",
      "license": "MIT",
      "dependencies": {
        "abs-svg-path": "^0.1.1",
        "is-svg-path": "^1.0.1",
        "normalize-svg-path": "^1.0.0",
        "parse-svg-path": "^0.1.2"
      }
    },
    "node_modules/svg-path-bounds/node_modules/normalize-svg-path": {
      "version": "1.1.0",
      "license": "MIT",
      "dependencies": {
        "svg-arc-to-cubic-bezier": "^3.0.0"
      }
    },
    "node_modules/svg-path-sdf": {
      "version": "1.1.3",
      "license": "MIT",
      "dependencies": {
        "bitmap-sdf": "^1.0.0",
        "draw-svg-path": "^1.0.0",
        "is-svg-path": "^1.0.1",
        "parse-svg-path": "^0.1.2",
        "svg-path-bounds": "^1.0.1"
      }
    },
    "node_modules/svg.draggable.js": {
      "version": "2.2.2",
      "resolved": "https://registry.npmjs.org/svg.draggable.js/-/svg.draggable.js-2.2.2.tgz",
      "integrity": "sha512-JzNHBc2fLQMzYCZ90KZHN2ohXL0BQJGQimK1kGk6AvSeibuKcIdDX9Kr0dT9+UJ5O8nYA0RB839Lhvk4CY4MZw==",
      "dependencies": {
        "svg.js": "^2.0.1"
      },
      "engines": {
        "node": ">= 0.8.0"
      }
    },
    "node_modules/svg.easing.js": {
      "version": "2.0.0",
      "resolved": "https://registry.npmjs.org/svg.easing.js/-/svg.easing.js-2.0.0.tgz",
      "integrity": "sha512-//ctPdJMGy22YoYGV+3HEfHbm6/69LJUTAqI2/5qBvaNHZ9uUFVC82B0Pl299HzgH13rKrBgi4+XyXXyVWWthA==",
      "dependencies": {
        "svg.js": ">=2.3.x"
      },
      "engines": {
        "node": ">= 0.8.0"
      }
    },
    "node_modules/svg.filter.js": {
      "version": "2.0.2",
      "resolved": "https://registry.npmjs.org/svg.filter.js/-/svg.filter.js-2.0.2.tgz",
      "integrity": "sha512-xkGBwU+dKBzqg5PtilaTb0EYPqPfJ9Q6saVldX+5vCRy31P6TlRCP3U9NxH3HEufkKkpNgdTLBJnmhDHeTqAkw==",
      "dependencies": {
        "svg.js": "^2.2.5"
      },
      "engines": {
        "node": ">= 0.8.0"
      }
    },
    "node_modules/svg.js": {
      "version": "2.7.1",
      "resolved": "https://registry.npmjs.org/svg.js/-/svg.js-2.7.1.tgz",
      "integrity": "sha512-ycbxpizEQktk3FYvn/8BH+6/EuWXg7ZpQREJvgacqn46gIddG24tNNe4Son6omdXCnSOaApnpZw6MPCBA1dODA=="
    },
    "node_modules/svg.pathmorphing.js": {
      "version": "0.1.3",
      "resolved": "https://registry.npmjs.org/svg.pathmorphing.js/-/svg.pathmorphing.js-0.1.3.tgz",
      "integrity": "sha512-49HWI9X4XQR/JG1qXkSDV8xViuTLIWm/B/7YuQELV5KMOPtXjiwH4XPJvr/ghEDibmLQ9Oc22dpWpG0vUDDNww==",
      "dependencies": {
        "svg.js": "^2.4.0"
      },
      "engines": {
        "node": ">= 0.8.0"
      }
    },
    "node_modules/svg.resize.js": {
      "version": "1.4.3",
      "resolved": "https://registry.npmjs.org/svg.resize.js/-/svg.resize.js-1.4.3.tgz",
      "integrity": "sha512-9k5sXJuPKp+mVzXNvxz7U0uC9oVMQrrf7cFsETznzUDDm0x8+77dtZkWdMfRlmbkEEYvUn9btKuZ3n41oNA+uw==",
      "dependencies": {
        "svg.js": "^2.6.5",
        "svg.select.js": "^2.1.2"
      },
      "engines": {
        "node": ">= 0.8.0"
      }
    },
    "node_modules/svg.resize.js/node_modules/svg.select.js": {
      "version": "2.1.2",
      "resolved": "https://registry.npmjs.org/svg.select.js/-/svg.select.js-2.1.2.tgz",
      "integrity": "sha512-tH6ABEyJsAOVAhwcCjF8mw4crjXSI1aa7j2VQR8ZuJ37H2MBUbyeqYr5nEO7sSN3cy9AR9DUwNg0t/962HlDbQ==",
      "dependencies": {
        "svg.js": "^2.2.5"
      },
      "engines": {
        "node": ">= 0.8.0"
      }
    },
    "node_modules/svg.select.js": {
      "version": "3.0.1",
      "resolved": "https://registry.npmjs.org/svg.select.js/-/svg.select.js-3.0.1.tgz",
      "integrity": "sha512-h5IS/hKkuVCbKSieR9uQCj9w+zLHoPh+ce19bBYyqF53g6mnPB8sAtIbe1s9dh2S2fCmYX2xel1Ln3PJBbK4kw==",
      "dependencies": {
        "svg.js": "^2.6.5"
      },
      "engines": {
        "node": ">= 0.8.0"
      }
    },
    "node_modules/through2": {
      "version": "2.0.5",
      "license": "MIT",
      "dependencies": {
        "readable-stream": "~2.3.6",
        "xtend": "~4.0.1"
      }
    },
    "node_modules/tinycolor2": {
      "version": "1.6.0",
      "license": "MIT"
    },
    "node_modules/tinyqueue": {
      "version": "2.0.3",
      "license": "ISC"
    },
    "node_modules/to-float32": {
      "version": "1.1.0",
      "license": "MIT"
    },
    "node_modules/to-px": {
      "version": "1.0.1",
      "license": "MIT",
      "dependencies": {
        "parse-unit": "^1.0.1"
      }
    },
    "node_modules/topojson-client": {
      "version": "3.1.0",
      "license": "ISC",
      "dependencies": {
        "commander": "2"
      },
      "bin": {
        "topo2geo": "bin/topo2geo",
        "topomerge": "bin/topomerge",
        "topoquantize": "bin/topoquantize"
      }
    },
    "node_modules/type": {
      "version": "1.2.0",
      "license": "ISC"
    },
    "node_modules/type-check": {
      "version": "0.3.2",
      "license": "MIT",
      "dependencies": {
        "prelude-ls": "~1.1.2"
      },
      "engines": {
        "node": ">= 0.8.0"
      }
    },
    "node_modules/typedarray": {
      "version": "0.0.6",
      "license": "MIT"
    },
    "node_modules/typedarray-pool": {
      "version": "1.2.0",
      "license": "MIT",
      "dependencies": {
        "bit-twiddle": "^1.0.0",
        "dup": "^1.0.0"
      }
    },
    "node_modules/unquote": {
      "version": "1.1.1",
      "license": "MIT"
    },
    "node_modules/update-diff": {
      "version": "1.1.0",
      "license": "MIT"
    },
    "node_modules/util-deprecate": {
      "version": "1.0.2",
      "license": "MIT"
    },
    "node_modules/vt-pbf": {
      "version": "3.1.3",
      "license": "MIT",
      "dependencies": {
        "@mapbox/point-geometry": "0.1.0",
        "@mapbox/vector-tile": "^1.3.1",
        "pbf": "^3.2.1"
      }
    },
    "node_modules/weak-map": {
      "version": "1.0.8",
      "license": "Apache-2.0"
    },
    "node_modules/webgl-context": {
      "version": "2.2.0",
      "license": "MIT",
      "dependencies": {
        "get-canvas-context": "^1.0.1"
      }
    },
    "node_modules/word-wrap": {
      "version": "1.2.3",
      "license": "MIT",
      "engines": {
        "node": ">=0.10.0"
      }
    },
    "node_modules/world-calendars": {
      "version": "1.0.3",
      "license": "MIT",
      "dependencies": {
        "object-assign": "^4.1.0"
      }
    },
    "node_modules/wrappy": {
      "version": "1.0.2",
      "license": "ISC"
    },
    "node_modules/xtend": {
      "version": "4.0.2",
      "license": "MIT",
      "engines": {
        "node": ">=0.4"
      }
    }
  }
}
